
Microsoft Visual Studio Solution File, Format Version 12.00
# Visual Studio Version 17
VisualStudioVersion = 17.5.33516.290
MinimumVisualStudioVersion = 10.0.40219.1
Project("{FAE04EC0-301F-11D3-BF4B-00C04F79EFBC}") = "PdfServicePoc", "PdfServicePoc\PdfServicePoc.csproj", "{DEE788D9-5FB5-42F4-8E14-C1883D635857}"
EndProject
Project("{FAE04EC0-301F-11D3-BF4B-00C04F79EFBC}") = "Core", "Core\Core.csproj", "{122E29DB-1728-4E16-9CF7-C59B3C2F84F2}"
EndProject
Global
	GlobalSection(SolutionConfigurationPlatforms) = preSolution
		Debug|Any CPU = Debug|Any CPU
		Release|Any CPU = Release|Any CPU
	EndGlobalSection
	GlobalSection(ProjectConfigurationPlatforms) = postSolution
		{DEE788D9-5FB5-42F4-8E14-C1883D635857}.Debug|Any CPU.ActiveCfg = Debug|Any CPU
		{DEE788D9-5FB5-42F4-8E14-C1883D635857}.Debug|Any CPU.Build.0 = Debug|Any CPU
		{DEE788D9-5FB5-42F4-8E14-C1883D635857}.Release|Any CPU.ActiveCfg = Release|Any CPU
		{DEE788D9-5FB5-42F4-8E14-C1883D635857}.Release|Any CPU.Build.0 = Release|Any CPU
		{122E29DB-1728-4E16-9CF7-C59B3C2F84F2}.Debug|Any CPU.ActiveCfg = Debug|Any CPU
		{122E29DB-1728-4E16-9CF7-C59B3C2F84F2}.Debug|Any CPU.Build.0 = Debug|Any CPU
		{122E29DB-1728-4E16-9CF7-C59B3C2F84F2}.Release|Any CPU.ActiveCfg = Release|Any CPU
		{122E29DB-1728-4E16-9CF7-C59B3C2F84F2}.Release|Any CPU.Build.0 = Release|Any CPU
	EndGlobalSection
	GlobalSection(SolutionProperties) = preSolution
		HideSolutionNode = FALSE
	EndGlobalSection
	GlobalSection(ExtensibilityGlobals) = postSolution
		SolutionGuid = {4506B0A6-468D-401B-BB4B-B4D0CCD9ACB8}
	EndGlobalSection
EndGlobal
